
Microsoft Visual Studio Solution File, Format Version 12.00
# Visual Studio Version 16
VisualStudioVersion = 16.0.30907.101
MinimumVisualStudioVersion = 10.0.40219.1
Project("{FAE04EC0-301F-11D3-BF4B-00C04F79EFBC}") = "XiangMu", "XiangMu\XiangMu.csproj", "{654F5179-6CC3-47EF-A2B4-6F961C0718CA}"
EndProject
Global
	GlobalSection(SolutionConfigurationPlatforms) = preSolution
		Debug|Any CPU = Debug|Any CPU
		Release|Any CPU = Release|Any CPU
	EndGlobalSection
	GlobalSection(ProjectConfigurationPlatforms) = postSolution
		{654F5179-6CC3-47EF-A2B4-6F961C0718CA}.Debug|Any CPU.ActiveCfg = Debug|Any CPU
		{654F5179-6CC3-47EF-A2B4-6F961C0718CA}.Debug|Any CPU.Build.0 = Debug|Any CPU
		{654F5179-6CC3-47EF-A2B4-6F961C0718CA}.Release|Any CPU.ActiveCfg = Release|Any CPU
		{654F5179-6CC3-47EF-A2B4-6F961C0718CA}.Release|Any CPU.Build.0 = Release|Any CPU
	EndGlobalSection
	GlobalSection(SolutionProperties) = preSolution
		HideSolutionNode = FALSE
	EndGlobalSection
	GlobalSection(ExtensibilityGlobals) = postSolution
		SolutionGuid = {3F9DDC10-121C-422C-BB2E-7410F7B6C7E0}
	EndGlobalSection
EndGlobal
